
Microsoft Visual Studio Solution File, Format Version 12.00
# Visual Studio Version 16
VisualStudioVersion = 16.0.30804.86
MinimumVisualStudioVersion = 10.0.40219.1
Project("{FAE04EC0-301F-11D3-BF4B-00C04F79EFBC}") = "_task8", "_task8\_task8.csproj", "{116FA131-D016-43BB-AE8B-95A0C3DD69F9}"
EndProject
Global
	GlobalSection(SolutionConfigurationPlatforms) = preSolution
		Debug|Any CPU = Debug|Any CPU
		Release|Any CPU = Release|Any CPU
	EndGlobalSection
	GlobalSection(ProjectConfigurationPlatforms) = postSolution
		{116FA131-D016-43BB-AE8B-95A0C3DD69F9}.Debug|Any CPU.ActiveCfg = Debug|Any CPU
		{116FA131-D016-43BB-AE8B-95A0C3DD69F9}.Debug|Any CPU.Build.0 = Debug|Any CPU
		{116FA131-D016-43BB-AE8B-95A0C3DD69F9}.Release|Any CPU.ActiveCfg = Release|Any CPU
		{116FA131-D016-43BB-AE8B-95A0C3DD69F9}.Release|Any CPU.Build.0 = Release|Any CPU
	EndGlobalSection
	GlobalSection(SolutionProperties) = preSolution
		HideSolutionNode = FALSE
	EndGlobalSection
	GlobalSection(ExtensibilityGlobals) = postSolution
		SolutionGuid = {F9CE94F9-8C72-4FAC-9226-CEBFEA4168D9}
	EndGlobalSection
EndGlobal
